
Microsoft Visual Studio Solution File, Format Version 12.00
# Visual Studio Version 16
VisualStudioVersion = 16.0.30011.22
MinimumVisualStudioVersion = 10.0.40219.1
Project("{FAE04EC0-301F-11D3-BF4B-00C04F79EFBC}") = "Vize-Final", "Vize-Final.csproj", "{8FD1ADD8-03E5-4C45-A592-9C8467B46F3A}"
EndProject
Global
	GlobalSection(SolutionConfigurationPlatforms) = preSolution
		Debug|Any CPU = Debug|Any CPU
		Release|Any CPU = Release|Any CPU
	EndGlobalSection
	GlobalSection(ProjectConfigurationPlatforms) = postSolution
		{8FD1ADD8-03E5-4C45-A592-9C8467B46F3A}.Debug|Any CPU.ActiveCfg = Debug|Any CPU
		{8FD1ADD8-03E5-4C45-A592-9C8467B46F3A}.Debug|Any CPU.Build.0 = Debug|Any CPU
		{8FD1ADD8-03E5-4C45-A592-9C8467B46F3A}.Release|Any CPU.ActiveCfg = Release|Any CPU
		{8FD1ADD8-03E5-4C45-A592-9C8467B46F3A}.Release|Any CPU.Build.0 = Release|Any CPU
	EndGlobalSection
	GlobalSection(SolutionProperties) = preSolution
		HideSolutionNode = FALSE
	EndGlobalSection
	GlobalSection(ExtensibilityGlobals) = postSolution
		SolutionGuid = {F9F336BE-3856-4C58-BB52-C89C6D905F34}
	EndGlobalSection
EndGlobal
