
Microsoft Visual Studio Solution File, Format Version 12.00
# Visual Studio Version 16
VisualStudioVersion = 16.0.30011.22
MinimumVisualStudioVersion = 10.0.40219.1
Project("{FAE04EC0-301F-11D3-BF4B-00C04F79EFBC}") = "Bakiye", "Bakiye.csproj", "{B41F528A-EDFE-4C3C-B9FD-47CA18FCFB48}"
EndProject
Global
	GlobalSection(SolutionConfigurationPlatforms) = preSolution
		Debug|Any CPU = Debug|Any CPU
		Release|Any CPU = Release|Any CPU
	EndGlobalSection
	GlobalSection(ProjectConfigurationPlatforms) = postSolution
		{B41F528A-EDFE-4C3C-B9FD-47CA18FCFB48}.Debug|Any CPU.ActiveCfg = Debug|Any CPU
		{B41F528A-EDFE-4C3C-B9FD-47CA18FCFB48}.Debug|Any CPU.Build.0 = Debug|Any CPU
		{B41F528A-EDFE-4C3C-B9FD-47CA18FCFB48}.Release|Any CPU.ActiveCfg = Release|Any CPU
		{B41F528A-EDFE-4C3C-B9FD-47CA18FCFB48}.Release|Any CPU.Build.0 = Release|Any CPU
	EndGlobalSection
	GlobalSection(SolutionProperties) = preSolution
		HideSolutionNode = FALSE
	EndGlobalSection
	GlobalSection(ExtensibilityGlobals) = postSolution
		SolutionGuid = {67CF37F0-5D75-4184-A7AF-7E1EE1A17EF1}
	EndGlobalSection
EndGlobal
