
Microsoft Visual Studio Solution File, Format Version 12.00
# Visual Studio Version 16
VisualStudioVersion = 16.0.30011.22
MinimumVisualStudioVersion = 10.0.40219.1
Project("{FAE04EC0-301F-11D3-BF4B-00C04F79EFBC}") = "Finalsorusu", "Finalsorusu.csproj", "{7BC8BA39-53FA-43B0-834C-44A4B2623DC7}"
EndProject
Global
	GlobalSection(SolutionConfigurationPlatforms) = preSolution
		Debug|Any CPU = Debug|Any CPU
		Release|Any CPU = Release|Any CPU
	EndGlobalSection
	GlobalSection(ProjectConfigurationPlatforms) = postSolution
		{7BC8BA39-53FA-43B0-834C-44A4B2623DC7}.Debug|Any CPU.ActiveCfg = Debug|Any CPU
		{7BC8BA39-53FA-43B0-834C-44A4B2623DC7}.Debug|Any CPU.Build.0 = Debug|Any CPU
		{7BC8BA39-53FA-43B0-834C-44A4B2623DC7}.Release|Any CPU.ActiveCfg = Release|Any CPU
		{7BC8BA39-53FA-43B0-834C-44A4B2623DC7}.Release|Any CPU.Build.0 = Release|Any CPU
	EndGlobalSection
	GlobalSection(SolutionProperties) = preSolution
		HideSolutionNode = FALSE
	EndGlobalSection
	GlobalSection(ExtensibilityGlobals) = postSolution
		SolutionGuid = {3584FF56-1D86-4775-8E7B-11F5046DEA1F}
	EndGlobalSection
EndGlobal
