
Microsoft Visual Studio Solution File, Format Version 12.00
# Visual Studio Version 16
VisualStudioVersion = 16.0.30011.22
MinimumVisualStudioVersion = 10.0.40219.1
Project("{FAE04EC0-301F-11D3-BF4B-00C04F79EFBC}") = "Kesir", "Kesir.csproj", "{649FBDF2-298E-42AB-9944-E1CCF74FE2AA}"
EndProject
Global
	GlobalSection(SolutionConfigurationPlatforms) = preSolution
		Debug|Any CPU = Debug|Any CPU
		Release|Any CPU = Release|Any CPU
	EndGlobalSection
	GlobalSection(ProjectConfigurationPlatforms) = postSolution
		{649FBDF2-298E-42AB-9944-E1CCF74FE2AA}.Debug|Any CPU.ActiveCfg = Debug|Any CPU
		{649FBDF2-298E-42AB-9944-E1CCF74FE2AA}.Debug|Any CPU.Build.0 = Debug|Any CPU
		{649FBDF2-298E-42AB-9944-E1CCF74FE2AA}.Release|Any CPU.ActiveCfg = Release|Any CPU
		{649FBDF2-298E-42AB-9944-E1CCF74FE2AA}.Release|Any CPU.Build.0 = Release|Any CPU
	EndGlobalSection
	GlobalSection(SolutionProperties) = preSolution
		HideSolutionNode = FALSE
	EndGlobalSection
	GlobalSection(ExtensibilityGlobals) = postSolution
		SolutionGuid = {2EA44824-6BAC-46F5-B82C-328F76A733F0}
	EndGlobalSection
EndGlobal
